
Microsoft Visual Studio Solution File, Format Version 12.00
# Visual Studio Version 16
VisualStudioVersion = 16.0.30503.244
MinimumVisualStudioVersion = 10.0.40219.1
Project("{8BC9CEB8-8B4A-11D0-8D11-00A0C91BC942}") = "TP2", "TP2\TP2.vcxproj", "{2B1D4FF7-FDB2-46B7-AC6C-65E8639257D3}"
EndProject
Project("{8BC9CEB8-8B4A-11D0-8D11-00A0C91BC942}") = "Ex1", "Ex1\Ex1.vcxproj", "{D6C8E0D3-6838-410D-BAA7-E9C258FEB502}"
EndProject
Project("{8BC9CEB8-8B4A-11D0-8D11-00A0C91BC942}") = "Exo2", "Ex2\Ex2.vcxproj", "{4BBBE963-AD8C-4864-89FD-CCC60A28A6DE}"
EndProject
Project("{8BC9CEB8-8B4A-11D0-8D11-00A0C91BC942}") = "Ex3", "Ex3\Ex3.vcxproj", "{F0282905-6368-4F84-916E-7D897250A407}"
EndProject
Global
	GlobalSection(SolutionConfigurationPlatforms) = preSolution
		Debug|x64 = Debug|x64
		Debug|x86 = Debug|x86
		Release|x64 = Release|x64
		Release|x86 = Release|x86
	EndGlobalSection
	GlobalSection(ProjectConfigurationPlatforms) = postSolution
		{2B1D4FF7-FDB2-46B7-AC6C-65E8639257D3}.Debug|x64.ActiveCfg = Debug|x64
		{2B1D4FF7-FDB2-46B7-AC6C-65E8639257D3}.Debug|x64.Build.0 = Debug|x64
		{2B1D4FF7-FDB2-46B7-AC6C-65E8639257D3}.Debug|x86.ActiveCfg = Debug|Win32
		{2B1D4FF7-FDB2-46B7-AC6C-65E8639257D3}.Debug|x86.Build.0 = Debug|Win32
		{2B1D4FF7-FDB2-46B7-AC6C-65E8639257D3}.Release|x64.ActiveCfg = Release|x64
		{2B1D4FF7-FDB2-46B7-AC6C-65E8639257D3}.Release|x64.Build.0 = Release|x64
		{2B1D4FF7-FDB2-46B7-AC6C-65E8639257D3}.Release|x86.ActiveCfg = Release|Win32
		{2B1D4FF7-FDB2-46B7-AC6C-65E8639257D3}.Release|x86.Build.0 = Release|Win32
		{D6C8E0D3-6838-410D-BAA7-E9C258FEB502}.Debug|x64.ActiveCfg = Debug|x64
		{D6C8E0D3-6838-410D-BAA7-E9C258FEB502}.Debug|x64.Build.0 = Debug|x64
		{D6C8E0D3-6838-410D-BAA7-E9C258FEB502}.Debug|x86.ActiveCfg = Debug|Win32
		{D6C8E0D3-6838-410D-BAA7-E9C258FEB502}.Debug|x86.Build.0 = Debug|Win32
		{D6C8E0D3-6838-410D-BAA7-E9C258FEB502}.Release|x64.ActiveCfg = Release|x64
		{D6C8E0D3-6838-410D-BAA7-E9C258FEB502}.Release|x64.Build.0 = Release|x64
		{D6C8E0D3-6838-410D-BAA7-E9C258FEB502}.Release|x86.ActiveCfg = Release|Win32
		{D6C8E0D3-6838-410D-BAA7-E9C258FEB502}.Release|x86.Build.0 = Release|Win32
		{4BBBE963-AD8C-4864-89FD-CCC60A28A6DE}.Debug|x64.ActiveCfg = Debug|x64
		{4BBBE963-AD8C-4864-89FD-CCC60A28A6DE}.Debug|x64.Build.0 = Debug|x64
		{4BBBE963-AD8C-4864-89FD-CCC60A28A6DE}.Debug|x86.ActiveCfg = Debug|Win32
		{4BBBE963-AD8C-4864-89FD-CCC60A28A6DE}.Debug|x86.Build.0 = Debug|Win32
		{4BBBE963-AD8C-4864-89FD-CCC60A28A6DE}.Release|x64.ActiveCfg = Release|x64
		{4BBBE963-AD8C-4864-89FD-CCC60A28A6DE}.Release|x64.Build.0 = Release|x64
		{4BBBE963-AD8C-4864-89FD-CCC60A28A6DE}.Release|x86.ActiveCfg = Release|Win32
		{4BBBE963-AD8C-4864-89FD-CCC60A28A6DE}.Release|x86.Build.0 = Release|Win32
		{F0282905-6368-4F84-916E-7D897250A407}.Debug|x64.ActiveCfg = Debug|x64
		{F0282905-6368-4F84-916E-7D897250A407}.Debug|x64.Build.0 = Debug|x64
		{F0282905-6368-4F84-916E-7D897250A407}.Debug|x86.ActiveCfg = Debug|Win32
		{F0282905-6368-4F84-916E-7D897250A407}.Debug|x86.Build.0 = Debug|Win32
		{F0282905-6368-4F84-916E-7D897250A407}.Release|x64.ActiveCfg = Release|x64
		{F0282905-6368-4F84-916E-7D897250A407}.Release|x64.Build.0 = Release|x64
		{F0282905-6368-4F84-916E-7D897250A407}.Release|x86.ActiveCfg = Release|Win32
		{F0282905-6368-4F84-916E-7D897250A407}.Release|x86.Build.0 = Release|Win32
	EndGlobalSection
	GlobalSection(SolutionProperties) = preSolution
		HideSolutionNode = FALSE
	EndGlobalSection
	GlobalSection(ExtensibilityGlobals) = postSolution
		SolutionGuid = {4B704FDF-8A6B-4B38-9F46-116EDB7BE1CE}
	EndGlobalSection
EndGlobal
