
Microsoft Visual Studio Solution File, Format Version 12.00
# Visual Studio Version 16
VisualStudioVersion = 16.0.30503.244
MinimumVisualStudioVersion = 10.0.40219.1
Project("{8BC9CEB8-8B4A-11D0-8D11-00A0C91BC942}") = "Exo6", "Cours-25-septembre\Cours-25-septembre.vcxproj", "{A8D461A6-55E1-4DAC-83F6-1F2E76647D4D}"
EndProject
Project("{8BC9CEB8-8B4A-11D0-8D11-00A0C91BC942}") = "Exo tableau", "Exo tableau\Exo tableau.vcxproj", "{CD82FF20-B9E7-4DED-AFD4-FB6CFDDADADC}"
EndProject
Global
	GlobalSection(SolutionConfigurationPlatforms) = preSolution
		Debug|x64 = Debug|x64
		Debug|x86 = Debug|x86
		Release|x64 = Release|x64
		Release|x86 = Release|x86
	EndGlobalSection
	GlobalSection(ProjectConfigurationPlatforms) = postSolution
		{A8D461A6-55E1-4DAC-83F6-1F2E76647D4D}.Debug|x64.ActiveCfg = Debug|x64
		{A8D461A6-55E1-4DAC-83F6-1F2E76647D4D}.Debug|x64.Build.0 = Debug|x64
		{A8D461A6-55E1-4DAC-83F6-1F2E76647D4D}.Debug|x86.ActiveCfg = Debug|Win32
		{A8D461A6-55E1-4DAC-83F6-1F2E76647D4D}.Debug|x86.Build.0 = Debug|Win32
		{A8D461A6-55E1-4DAC-83F6-1F2E76647D4D}.Release|x64.ActiveCfg = Release|x64
		{A8D461A6-55E1-4DAC-83F6-1F2E76647D4D}.Release|x64.Build.0 = Release|x64
		{A8D461A6-55E1-4DAC-83F6-1F2E76647D4D}.Release|x86.ActiveCfg = Release|Win32
		{A8D461A6-55E1-4DAC-83F6-1F2E76647D4D}.Release|x86.Build.0 = Release|Win32
		{CD82FF20-B9E7-4DED-AFD4-FB6CFDDADADC}.Debug|x64.ActiveCfg = Debug|x64
		{CD82FF20-B9E7-4DED-AFD4-FB6CFDDADADC}.Debug|x64.Build.0 = Debug|x64
		{CD82FF20-B9E7-4DED-AFD4-FB6CFDDADADC}.Debug|x86.ActiveCfg = Debug|Win32
		{CD82FF20-B9E7-4DED-AFD4-FB6CFDDADADC}.Debug|x86.Build.0 = Debug|Win32
		{CD82FF20-B9E7-4DED-AFD4-FB6CFDDADADC}.Release|x64.ActiveCfg = Release|x64
		{CD82FF20-B9E7-4DED-AFD4-FB6CFDDADADC}.Release|x64.Build.0 = Release|x64
		{CD82FF20-B9E7-4DED-AFD4-FB6CFDDADADC}.Release|x86.ActiveCfg = Release|Win32
		{CD82FF20-B9E7-4DED-AFD4-FB6CFDDADADC}.Release|x86.Build.0 = Release|Win32
	EndGlobalSection
	GlobalSection(SolutionProperties) = preSolution
		HideSolutionNode = FALSE
	EndGlobalSection
	GlobalSection(ExtensibilityGlobals) = postSolution
		SolutionGuid = {5652ED13-86F7-42EF-BD34-124EF9EE5923}
	EndGlobalSection
EndGlobal
